
Microsoft Visual Studio Solution File, Format Version 12.00
# Visual Studio Version 17
VisualStudioVersion = 17.14.36202.13 d17.14
MinimumVisualStudioVersion = 10.0.40219.1
Project("{FAE04EC0-301F-11D3-BF4B-00C04F79EFBC}") = "MeowMeow_QuizGame", "MeowMeow_QuizGame\MeowMeow_QuizGame.csproj", "{7824FADF-3EF6-42E2-BC2F-9B0D14822E0A}"
EndProject
Global
	GlobalSection(SolutionConfigurationPlatforms) = preSolution
		Debug|Any CPU = Debug|Any CPU
		Release|Any CPU = Release|Any CPU
	EndGlobalSection
	GlobalSection(ProjectConfigurationPlatforms) = postSolution
		{7824FADF-3EF6-42E2-BC2F-9B0D14822E0A}.Debug|Any CPU.ActiveCfg = Debug|Any CPU
		{7824FADF-3EF6-42E2-BC2F-9B0D14822E0A}.Debug|Any CPU.Build.0 = Debug|Any CPU
		{7824FADF-3EF6-42E2-BC2F-9B0D14822E0A}.Release|Any CPU.ActiveCfg = Release|Any CPU
		{7824FADF-3EF6-42E2-BC2F-9B0D14822E0A}.Release|Any CPU.Build.0 = Release|Any CPU
	EndGlobalSection
	GlobalSection(SolutionProperties) = preSolution
		HideSolutionNode = FALSE
	EndGlobalSection
	GlobalSection(ExtensibilityGlobals) = postSolution
		SolutionGuid = {8ACF47C1-B5F4-4EAC-A2FE-3CB89CDC38A1}
	EndGlobalSection
EndGlobal
